
Microsoft Visual Studio Solution File, Format Version 12.00
# Visual Studio Version 17
VisualStudioVersion = 17.3.32901.215
MinimumVisualStudioVersion = 10.0.40219.1
Project("{FAE04EC0-301F-11D3-BF4B-00C04F79EFBC}") = "Task_2", "Task_2\Task_2.csproj", "{ACC52C6B-8A72-4737-BC7E-3A2130C579B1}"
EndProject
Global
	GlobalSection(SolutionConfigurationPlatforms) = preSolution
		Debug|Any CPU = Debug|Any CPU
		Release|Any CPU = Release|Any CPU
	EndGlobalSection
	GlobalSection(ProjectConfigurationPlatforms) = postSolution
		{ACC52C6B-8A72-4737-BC7E-3A2130C579B1}.Debug|Any CPU.ActiveCfg = Debug|Any CPU
		{ACC52C6B-8A72-4737-BC7E-3A2130C579B1}.Debug|Any CPU.Build.0 = Debug|Any CPU
		{ACC52C6B-8A72-4737-BC7E-3A2130C579B1}.Release|Any CPU.ActiveCfg = Release|Any CPU
		{ACC52C6B-8A72-4737-BC7E-3A2130C579B1}.Release|Any CPU.Build.0 = Release|Any CPU
	EndGlobalSection
	GlobalSection(SolutionProperties) = preSolution
		HideSolutionNode = FALSE
	EndGlobalSection
	GlobalSection(ExtensibilityGlobals) = postSolution
		SolutionGuid = {C3C20586-381F-48CC-900F-4A1D25420D0F}
	EndGlobalSection
EndGlobal
