
Microsoft Visual Studio Solution File, Format Version 12.00
# Visual Studio Version 17
VisualStudioVersion = 17.3.32901.215
MinimumVisualStudioVersion = 10.0.40219.1
Project("{FAE04EC0-301F-11D3-BF4B-00C04F79EFBC}") = "Test_3", "Test_3\Test_3.csproj", "{A0712D91-4A0B-4B9F-9016-AF821D79FE0D}"
EndProject
Global
	GlobalSection(SolutionConfigurationPlatforms) = preSolution
		Debug|Any CPU = Debug|Any CPU
		Release|Any CPU = Release|Any CPU
	EndGlobalSection
	GlobalSection(ProjectConfigurationPlatforms) = postSolution
		{A0712D91-4A0B-4B9F-9016-AF821D79FE0D}.Debug|Any CPU.ActiveCfg = Debug|Any CPU
		{A0712D91-4A0B-4B9F-9016-AF821D79FE0D}.Debug|Any CPU.Build.0 = Debug|Any CPU
		{A0712D91-4A0B-4B9F-9016-AF821D79FE0D}.Release|Any CPU.ActiveCfg = Release|Any CPU
		{A0712D91-4A0B-4B9F-9016-AF821D79FE0D}.Release|Any CPU.Build.0 = Release|Any CPU
	EndGlobalSection
	GlobalSection(SolutionProperties) = preSolution
		HideSolutionNode = FALSE
	EndGlobalSection
	GlobalSection(ExtensibilityGlobals) = postSolution
		SolutionGuid = {E29364EE-E543-48C5-A6CB-52DD764FC326}
	EndGlobalSection
EndGlobal
