
Microsoft Visual Studio Solution File, Format Version 12.00
# Visual Studio Version 17
VisualStudioVersion = 17.3.32901.215
MinimumVisualStudioVersion = 10.0.40219.1
Project("{FAE04EC0-301F-11D3-BF4B-00C04F79EFBC}") = "Task_1", "Task_1\Task_1.csproj", "{D5D94DC6-CC9A-49F9-8A43-517745A8D83B}"
EndProject
Global
	GlobalSection(SolutionConfigurationPlatforms) = preSolution
		Debug|Any CPU = Debug|Any CPU
		Release|Any CPU = Release|Any CPU
	EndGlobalSection
	GlobalSection(ProjectConfigurationPlatforms) = postSolution
		{D5D94DC6-CC9A-49F9-8A43-517745A8D83B}.Debug|Any CPU.ActiveCfg = Debug|Any CPU
		{D5D94DC6-CC9A-49F9-8A43-517745A8D83B}.Debug|Any CPU.Build.0 = Debug|Any CPU
		{D5D94DC6-CC9A-49F9-8A43-517745A8D83B}.Release|Any CPU.ActiveCfg = Release|Any CPU
		{D5D94DC6-CC9A-49F9-8A43-517745A8D83B}.Release|Any CPU.Build.0 = Release|Any CPU
	EndGlobalSection
	GlobalSection(SolutionProperties) = preSolution
		HideSolutionNode = FALSE
	EndGlobalSection
	GlobalSection(ExtensibilityGlobals) = postSolution
		SolutionGuid = {7EE615F0-4C9F-4CB7-81C8-AEEF3DDEEE58}
	EndGlobalSection
EndGlobal
