
Microsoft Visual Studio Solution File, Format Version 12.00
# Visual Studio Version 17
VisualStudioVersion = 17.3.32901.215
MinimumVisualStudioVersion = 10.0.40219.1
Project("{FAE04EC0-301F-11D3-BF4B-00C04F79EFBC}") = "Test_2", "Test_2\Test_2.csproj", "{76E5F1A5-2864-4C9B-A88D-DFF65622C417}"
EndProject
Global
	GlobalSection(SolutionConfigurationPlatforms) = preSolution
		Debug|Any CPU = Debug|Any CPU
		Release|Any CPU = Release|Any CPU
	EndGlobalSection
	GlobalSection(ProjectConfigurationPlatforms) = postSolution
		{76E5F1A5-2864-4C9B-A88D-DFF65622C417}.Debug|Any CPU.ActiveCfg = Debug|Any CPU
		{76E5F1A5-2864-4C9B-A88D-DFF65622C417}.Debug|Any CPU.Build.0 = Debug|Any CPU
		{76E5F1A5-2864-4C9B-A88D-DFF65622C417}.Release|Any CPU.ActiveCfg = Release|Any CPU
		{76E5F1A5-2864-4C9B-A88D-DFF65622C417}.Release|Any CPU.Build.0 = Release|Any CPU
	EndGlobalSection
	GlobalSection(SolutionProperties) = preSolution
		HideSolutionNode = FALSE
	EndGlobalSection
	GlobalSection(ExtensibilityGlobals) = postSolution
		SolutionGuid = {0606FC18-0B42-4379-BCEB-B4AB814FAAED}
	EndGlobalSection
EndGlobal
