
Microsoft Visual Studio Solution File, Format Version 12.00
# Visual Studio Version 17
VisualStudioVersion = 17.3.32901.215
MinimumVisualStudioVersion = 10.0.40219.1
Project("{FAE04EC0-301F-11D3-BF4B-00C04F79EFBC}") = "Task_3", "Task_3\Task_3.csproj", "{18AF32B8-52AE-43D0-8621-8BF6F63D30B7}"
EndProject
Global
	GlobalSection(SolutionConfigurationPlatforms) = preSolution
		Debug|Any CPU = Debug|Any CPU
		Release|Any CPU = Release|Any CPU
	EndGlobalSection
	GlobalSection(ProjectConfigurationPlatforms) = postSolution
		{18AF32B8-52AE-43D0-8621-8BF6F63D30B7}.Debug|Any CPU.ActiveCfg = Debug|Any CPU
		{18AF32B8-52AE-43D0-8621-8BF6F63D30B7}.Debug|Any CPU.Build.0 = Debug|Any CPU
		{18AF32B8-52AE-43D0-8621-8BF6F63D30B7}.Release|Any CPU.ActiveCfg = Release|Any CPU
		{18AF32B8-52AE-43D0-8621-8BF6F63D30B7}.Release|Any CPU.Build.0 = Release|Any CPU
	EndGlobalSection
	GlobalSection(SolutionProperties) = preSolution
		HideSolutionNode = FALSE
	EndGlobalSection
	GlobalSection(ExtensibilityGlobals) = postSolution
		SolutionGuid = {2CE493F5-7DD9-4F6D-8261-8DC94003C1A3}
	EndGlobalSection
EndGlobal
