
Microsoft Visual Studio Solution File, Format Version 12.00
# Visual Studio Version 17
VisualStudioVersion = 17.3.32901.215
MinimumVisualStudioVersion = 10.0.40219.1
Project("{FAE04EC0-301F-11D3-BF4B-00C04F79EFBC}") = "Task_3", "Task_3\Task_3.csproj", "{1EF75574-9974-4E2B-BC3F-ABB8A1F66333}"
EndProject
Global
	GlobalSection(SolutionConfigurationPlatforms) = preSolution
		Debug|Any CPU = Debug|Any CPU
		Release|Any CPU = Release|Any CPU
	EndGlobalSection
	GlobalSection(ProjectConfigurationPlatforms) = postSolution
		{1EF75574-9974-4E2B-BC3F-ABB8A1F66333}.Debug|Any CPU.ActiveCfg = Debug|Any CPU
		{1EF75574-9974-4E2B-BC3F-ABB8A1F66333}.Debug|Any CPU.Build.0 = Debug|Any CPU
		{1EF75574-9974-4E2B-BC3F-ABB8A1F66333}.Release|Any CPU.ActiveCfg = Release|Any CPU
		{1EF75574-9974-4E2B-BC3F-ABB8A1F66333}.Release|Any CPU.Build.0 = Release|Any CPU
	EndGlobalSection
	GlobalSection(SolutionProperties) = preSolution
		HideSolutionNode = FALSE
	EndGlobalSection
	GlobalSection(ExtensibilityGlobals) = postSolution
		SolutionGuid = {2818E400-67D3-4A73-9D43-4D32DBEAEFD7}
	EndGlobalSection
EndGlobal
