
Microsoft Visual Studio Solution File, Format Version 12.00
# Visual Studio Version 17
VisualStudioVersion = 17.3.32901.215
MinimumVisualStudioVersion = 10.0.40219.1
Project("{FAE04EC0-301F-11D3-BF4B-00C04F79EFBC}") = "Task_1", "Task_1\Task_1.csproj", "{99262E90-9E20-4C51-A1AC-AA57CFA29557}"
EndProject
Global
	GlobalSection(SolutionConfigurationPlatforms) = preSolution
		Debug|Any CPU = Debug|Any CPU
		Release|Any CPU = Release|Any CPU
	EndGlobalSection
	GlobalSection(ProjectConfigurationPlatforms) = postSolution
		{99262E90-9E20-4C51-A1AC-AA57CFA29557}.Debug|Any CPU.ActiveCfg = Debug|Any CPU
		{99262E90-9E20-4C51-A1AC-AA57CFA29557}.Debug|Any CPU.Build.0 = Debug|Any CPU
		{99262E90-9E20-4C51-A1AC-AA57CFA29557}.Release|Any CPU.ActiveCfg = Release|Any CPU
		{99262E90-9E20-4C51-A1AC-AA57CFA29557}.Release|Any CPU.Build.0 = Release|Any CPU
	EndGlobalSection
	GlobalSection(SolutionProperties) = preSolution
		HideSolutionNode = FALSE
	EndGlobalSection
	GlobalSection(ExtensibilityGlobals) = postSolution
		SolutionGuid = {B6987A58-B734-4EF2-BE0F-0AE8CEE52C6F}
	EndGlobalSection
EndGlobal
